
Microsoft Visual Studio Solution File, Format Version 12.00
# Visual Studio 15
VisualStudioVersion = 15.0.26730.8
MinimumVisualStudioVersion = 10.0.40219.1
Project("{FAE04EC0-301F-11D3-BF4B-00C04F79EFBC}") = "UMLer", "UMLer\UMLer.csproj", "{BB61557E-FD96-4719-A91D-2D9FFEC0754F}"
EndProject
Global
	GlobalSection(SolutionConfigurationPlatforms) = preSolution
		Debug|Any CPU = Debug|Any CPU
		Release|Any CPU = Release|Any CPU
	EndGlobalSection
	GlobalSection(ProjectConfigurationPlatforms) = postSolution
		{BB61557E-FD96-4719-A91D-2D9FFEC0754F}.Debug|Any CPU.ActiveCfg = Debug|Any CPU
		{BB61557E-FD96-4719-A91D-2D9FFEC0754F}.Debug|Any CPU.Build.0 = Debug|Any CPU
		{BB61557E-FD96-4719-A91D-2D9FFEC0754F}.Release|Any CPU.ActiveCfg = Release|Any CPU
		{BB61557E-FD96-4719-A91D-2D9FFEC0754F}.Release|Any CPU.Build.0 = Release|Any CPU
	EndGlobalSection
	GlobalSection(SolutionProperties) = preSolution
		HideSolutionNode = FALSE
	EndGlobalSection
	GlobalSection(ExtensibilityGlobals) = postSolution
		SolutionGuid = {5565264A-919A-46B2-BE43-69BE4D799600}
	EndGlobalSection
EndGlobal
